// !$*UTF8*$!
{
	archiveVersion = 1;
	classes = {
	};
	objectVersion = 55;
	objects = {

/* Begin PBXBuildFile section */
		A56549952925852F00F431BB /* AppDelegate.swift in Sources */ = {isa = PBXBuildFile; fileRef = A56549942925852F00F431BB /* AppDelegate.swift */; };
		A56549972925852F00F431BB /* SceneDelegate.swift in Sources */ = {isa = PBXBuildFile; fileRef = A56549962925852F00F431BB /* SceneDelegate.swift */; };
		A56549992925852F00F431BB /* MainTabViewController.swift in Sources */ = {isa = PBXBuildFile; fileRef = A56549982925852F00F431BB /* MainTabViewController.swift */; };
		A565499E2925853600F431BB /* Assets.xcassets in Resources */ = {isa = PBXBuildFile; fileRef = A565499D2925853600F431BB /* Assets.xcassets */; };
		A56549A12925853600F431BB /* LaunchScreen.storyboard in Resources */ = {isa = PBXBuildFile; fileRef = A565499F2925853600F431BB /* LaunchScreen.storyboard */; };
		A56549AC2925853700F431BB /* iOSCodingChallengeTests.swift in Sources */ = {isa = PBXBuildFile; fileRef = A56549AB2925853700F431BB /* iOSCodingChallengeTests.swift */; };
		A56549B62925853700F431BB /* iOSCodingChallengeUITests.swift in Sources */ = {isa = PBXBuildFile; fileRef = A56549B52925853700F431BB /* iOSCodingChallengeUITests.swift */; };
		A56549B82925853700F431BB /* iOSCodingChallengeUITestsLaunchTests.swift in Sources */ = {isa = PBXBuildFile; fileRef = A56549B72925853700F431BB /* iOSCodingChallengeUITestsLaunchTests.swift */; };
		A56549C62925A36500F431BB /* HomeViewController.swift in Sources */ = {isa = PBXBuildFile; fileRef = A56549C52925A36500F431BB /* HomeViewController.swift */; };
		A56549C72925A36500F431BB /* HomeViewController.swift in Sources */ = {isa = PBXBuildFile; fileRef = A56549C52925A36500F431BB /* HomeViewController.swift */; };
		A56549C82925A36500F431BB /* HomeViewController.swift in Sources */ = {isa = PBXBuildFile; fileRef = A56549C52925A36500F431BB /* HomeViewController.swift */; };
		A56549CA2925A38C00F431BB /* UpcomingViewController.swift in Sources */ = {isa = PBXBuildFile; fileRef = A56549C92925A38C00F431BB /* UpcomingViewController.swift */; };
		A56549CB2925A38C00F431BB /* UpcomingViewController.swift in Sources */ = {isa = PBXBuildFile; fileRef = A56549C92925A38C00F431BB /* UpcomingViewController.swift */; };
		A56549CC2925A38C00F431BB /* UpcomingViewController.swift in Sources */ = {isa = PBXBuildFile; fileRef = A56549C92925A38C00F431BB /* UpcomingViewController.swift */; };
		A56549CE2925A3B400F431BB /* SearchViewController.swift in Sources */ = {isa = PBXBuildFile; fileRef = A56549CD2925A3B400F431BB /* SearchViewController.swift */; };
		A56549CF2925A3B400F431BB /* SearchViewController.swift in Sources */ = {isa = PBXBuildFile; fileRef = A56549CD2925A3B400F431BB /* SearchViewController.swift */; };
		A56549D02925A3B400F431BB /* SearchViewController.swift in Sources */ = {isa = PBXBuildFile; fileRef = A56549CD2925A3B400F431BB /* SearchViewController.swift */; };
/* End PBXBuildFile section */

/* Begin PBXContainerItemProxy section */
		A56549A82925853700F431BB /* PBXContainerItemProxy */ = {
			isa = PBXContainerItemProxy;
			containerPortal = A56549892925852E00F431BB /* Project object */;
			proxyType = 1;
			remoteGlobalIDString = A56549902925852F00F431BB;
			remoteInfo = iOSCodingChallenge;
		};
		A56549B22925853700F431BB /* PBXContainerItemProxy */ = {
			isa = PBXContainerItemProxy;
			containerPortal = A56549892925852E00F431BB /* Project object */;
			proxyType = 1;
			remoteGlobalIDString = A56549902925852F00F431BB;
			remoteInfo = iOSCodingChallenge;
		};
/* End PBXContainerItemProxy section */

/* Begin PBXFileReference section */
		A56549912925852F00F431BB /* iOSCodingChallenge.app */ = {isa = PBXFileReference; explicitFileType = wrapper.application; includeInIndex = 0; path = iOSCodingChallenge.app; sourceTree = BUILT_PRODUCTS_DIR; };
		A56549942925852F00F431BB /* AppDelegate.swift */ = {isa = PBXFileReference; lastKnownFileType = sourcecode.swift; path = AppDelegate.swift; sourceTree = "<group>"; };
		A56549962925852F00F431BB /* SceneDelegate.swift */ = {isa = PBXFileReference; lastKnownFileType = sourcecode.swift; path = SceneDelegate.swift; sourceTree = "<group>"; };
		A56549982925852F00F431BB /* MainTabViewController.swift */ = {isa = PBXFileReference; lastKnownFileType = sourcecode.swift; path = MainTabViewController.swift; sourceTree = "<group>"; };
		A565499D2925853600F431BB /* Assets.xcassets */ = {isa = PBXFileReference; lastKnownFileType = folder.assetcatalog; path = Assets.xcassets; sourceTree = "<group>"; };
		A56549A02925853600F431BB /* Base */ = {isa = PBXFileReference; lastKnownFileType = file.storyboard; name = Base; path = Base.lproj/LaunchScreen.storyboard; sourceTree = "<group>"; };
		A56549A72925853700F431BB /* iOSCodingChallengeTests.xctest */ = {isa = PBXFileReference; explicitFileType = wrapper.cfbundle; includeInIndex = 0; path = iOSCodingChallengeTests.xctest; sourceTree = BUILT_PRODUCTS_DIR; };
		A56549AB2925853700F431BB /* iOSCodingChallengeTests.swift */ = {isa = PBXFileReference; lastKnownFileType = sourcecode.swift; path = iOSCodingChallengeTests.swift; sourceTree = "<group>"; };
		A56549B12925853700F431BB /* iOSCodingChallengeUITests.xctest */ = {isa = PBXFileReference; explicitFileType = wrapper.cfbundle; includeInIndex = 0; path = iOSCodingChallengeUITests.xctest; sourceTree = BUILT_PRODUCTS_DIR; };
		A56549B52925853700F431BB /* iOSCodingChallengeUITests.swift */ = {isa = PBXFileReference; lastKnownFileType = sourcecode.swift; path = iOSCodingChallengeUITests.swift; sourceTree = "<group>"; };
		A56549B72925853700F431BB /* iOSCodingChallengeUITestsLaunchTests.swift */ = {isa = PBXFileReference; lastKnownFileType = sourcecode.swift; path = iOSCodingChallengeUITestsLaunchTests.swift; sourceTree = "<group>"; };
		A56549C52925A36500F431BB /* HomeViewController.swift */ = {isa = PBXFileReference; lastKnownFileType = sourcecode.swift; path = HomeViewController.swift; sourceTree = "<group>"; };
		A56549C92925A38C00F431BB /* UpcomingViewController.swift */ = {isa = PBXFileReference; lastKnownFileType = sourcecode.swift; path = UpcomingViewController.swift; sourceTree = "<group>"; };
		A56549CD2925A3B400F431BB /* SearchViewController.swift */ = {isa = PBXFileReference; lastKnownFileType = sourcecode.swift; path = SearchViewController.swift; sourceTree = "<group>"; };
/* End PBXFileReference section */

/* Begin PBXFrameworksBuildPhase section */
		A565498E2925852F00F431BB /* Frameworks */ = {
			isa = PBXFrameworksBuildPhase;
			buildActionMask = 2147483647;
			files = (
			);
			runOnlyForDeploymentPostprocessing = 0;
		};
		A56549A42925853700F431BB /* Frameworks */ = {
			isa = PBXFrameworksBuildPhase;
			buildActionMask = 2147483647;
			files = (
			);
			runOnlyForDeploymentPostprocessing = 0;
		};
		A56549AE2925853700F431BB /* Frameworks */ = {
			isa = PBXFrameworksBuildPhase;
			buildActionMask = 2147483647;
			files = (
			);
			runOnlyForDeploymentPostprocessing = 0;
		};
/* End PBXFrameworksBuildPhase section */

/* Begin PBXGroup section */
		A56549882925852E00F431BB = {
			isa = PBXGroup;
			children = (
				A56549932925852F00F431BB /* iOSCodingChallenge */,
				A56549AA2925853700F431BB /* iOSCodingChallengeTests */,
				A56549B42925853700F431BB /* iOSCodingChallengeUITests */,
				A56549922925852F00F431BB /* Products */,
			);
			sourceTree = "<group>";
		};
		A56549922925852F00F431BB /* Products */ = {
			isa = PBXGroup;
			children = (
				A56549912925852F00F431BB /* iOSCodingChallenge.app */,
				A56549A72925853700F431BB /* iOSCodingChallengeTests.xctest */,
				A56549B12925853700F431BB /* iOSCodingChallengeUITests.xctest */,
			);
			name = Products;
			sourceTree = "<group>";
		};
		A56549932925852F00F431BB /* iOSCodingChallenge */ = {
			isa = PBXGroup;
			children = (
				A56549942925852F00F431BB /* AppDelegate.swift */,
				A56549C42925A33E00F431BB /* Controllers */,
				A56549962925852F00F431BB /* SceneDelegate.swift */,
				A56549982925852F00F431BB /* MainTabViewController.swift */,
				A565499D2925853600F431BB /* Assets.xcassets */,
				A565499F2925853600F431BB /* LaunchScreen.storyboard */,
			);
			path = iOSCodingChallenge;
			sourceTree = "<group>";
		};
		A56549AA2925853700F431BB /* iOSCodingChallengeTests */ = {
			isa = PBXGroup;
			children = (
				A56549AB2925853700F431BB /* iOSCodingChallengeTests.swift */,
			);
			path = iOSCodingChallengeTests;
			sourceTree = "<group>";
		};
		A56549B42925853700F431BB /* iOSCodingChallengeUITests */ = {
			isa = PBXGroup;
			children = (
				A56549B52925853700F431BB /* iOSCodingChallengeUITests.swift */,
				A56549B72925853700F431BB /* iOSCodingChallengeUITestsLaunchTests.swift */,
			);
			path = iOSCodingChallengeUITests;
			sourceTree = "<group>";
		};
		A56549C42925A33E00F431BB /* Controllers */ = {
			isa = PBXGroup;
			children = (
				A56549C52925A36500F431BB /* HomeViewController.swift */,
				A56549CD2925A3B400F431BB /* SearchViewController.swift */,
				A56549C92925A38C00F431BB /* UpcomingViewController.swift */,
			);
			path = Controllers;
			sourceTree = "<group>";
		};
/* End PBXGroup section */

/* Begin PBXNativeTarget section */
		A56549902925852F00F431BB /* iOSCodingChallenge */ = {
			isa = PBXNativeTarget;
			buildConfigurationList = A56549BB2925853700F431BB /* Build configuration list for PBXNativeTarget "iOSCodingChallenge" */;
			buildPhases = (
				A565498D2925852F00F431BB /* Sources */,
				A565498E2925852F00F431BB /* Frameworks */,
				A565498F2925852F00F431BB /* Resources */,
			);
			buildRules = (
			);
			dependencies = (
			);
			name = iOSCodingChallenge;
			productName = iOSCodingChallenge;
			productReference = A56549912925852F00F431BB /* iOSCodingChallenge.app */;
			productType = "com.apple.product-type.application";
		};
		A56549A62925853700F431BB /* iOSCodingChallengeTests */ = {
			isa = PBXNativeTarget;
			buildConfigurationList = A56549BE2925853700F431BB /* Build configuration list for PBXNativeTarget "iOSCodingChallengeTests" */;
			buildPhases = (
				A56549A32925853700F431BB /* Sources */,
				A56549A42925853700F431BB /* Frameworks */,
				A56549A52925853700F431BB /* Resources */,
			);
			buildRules = (
			);
			dependencies = (
				A56549A92925853700F431BB /* PBXTargetDependency */,
			);
			name = iOSCodingChallengeTests;
			productName = iOSCodingChallengeTests;
			productReference = A56549A72925853700F431BB /* iOSCodingChallengeTests.xctest */;
			productType = "com.apple.product-type.bundle.unit-test";
		};
		A56549B02925853700F431BB /* iOSCodingChallengeUITests */ = {
			isa = PBXNativeTarget;
			buildConfigurationList = A56549C12925853700F431BB /* Build configuration list for PBXNativeTarget "iOSCodingChallengeUITests" */;
			buildPhases = (
				A56549AD2925853700F431BB /* Sources */,
				A56549AE2925853700F431BB /* Frameworks */,
				A56549AF2925853700F431BB /* Resources */,
			);
			buildRules = (
			);
			dependencies = (
				A56549B32925853700F431BB /* PBXTargetDependency */,
			);
			name = iOSCodingChallengeUITests;
			productName = iOSCodingChallengeUITests;
			productReference = A56549B12925853700F431BB /* iOSCodingChallengeUITests.xctest */;
			productType = "com.apple.product-type.bundle.ui-testing";
		};
/* End PBXNativeTarget section */

/* Begin PBXProject section */
		A56549892925852E00F431BB /* Project object */ = {
			isa = PBXProject;
			attributes = {
				BuildIndependentTargetsInParallel = 1;
				LastSwiftUpdateCheck = 1340;
				LastUpgradeCheck = 1340;
				TargetAttributes = {
					A56549902925852F00F431BB = {
						CreatedOnToolsVersion = 13.4;
					};
					A56549A62925853700F431BB = {
						CreatedOnToolsVersion = 13.4;
						TestTargetID = A56549902925852F00F431BB;
					};
					A56549B02925853700F431BB = {
						CreatedOnToolsVersion = 13.4;
						TestTargetID = A56549902925852F00F431BB;
					};
				};
			};
			buildConfigurationList = A565498C2925852E00F431BB /* Build configuration list for PBXProject "iOSCodingChallenge" */;
			compatibilityVersion = "Xcode 13.0";
			developmentRegion = en;
			hasScannedForEncodings = 0;
			knownRegions = (
				en,
				Base,
			);
			mainGroup = A56549882925852E00F431BB;
			productRefGroup = A56549922925852F00F431BB /* Products */;
			projectDirPath = "";
			projectRoot = "";
			targets = (
				A56549902925852F00F431BB /* iOSCodingChallenge */,
				A56549A62925853700F431BB /* iOSCodingChallengeTests */,
				A56549B02925853700F431BB /* iOSCodingChallengeUITests */,
			);
		};
/* End PBXProject section */

/* Begin PBXResourcesBuildPhase section */
		A565498F2925852F00F431BB /* Resources */ = {
			isa = PBXResourcesBuildPhase;
			buildActionMask = 2147483647;
			files = (
				A56549A12925853600F431BB /* LaunchScreen.storyboard in Resources */,
				A565499E2925853600F431BB /* Assets.xcassets in Resources */,
			);
			runOnlyForDeploymentPostprocessing = 0;
		};
		A56549A52925853700F431BB /* Resources */ = {
			isa = PBXResourcesBuildPhase;
			buildActionMask = 2147483647;
			files = (
			);
			runOnlyForDeploymentPostprocessing = 0;
		};
		A56549AF2925853700F431BB /* Resources */ = {
			isa = PBXResourcesBuildPhase;
			buildActionMask = 2147483647;
			files = (
			);
			runOnlyForDeploymentPostprocessing = 0;
		};
/* End PBXResourcesBuildPhase section */

/* Begin PBXSourcesBuildPhase section */
		A565498D2925852F00F431BB /* Sources */ = {
			isa = PBXSourcesBuildPhase;
			buildActionMask = 2147483647;
			files = (
				A56549CE2925A3B400F431BB /* SearchViewController.swift in Sources */,
				A56549992925852F00F431BB /* MainTabViewController.swift in Sources */,
				A56549952925852F00F431BB /* AppDelegate.swift in Sources */,
				A56549972925852F00F431BB /* SceneDelegate.swift in Sources */,
				A56549CA2925A38C00F431BB /* UpcomingViewController.swift in Sources */,
				A56549C62925A36500F431BB /* HomeViewController.swift in Sources */,
			);
			runOnlyForDeploymentPostprocessing = 0;
		};
		A56549A32925853700F431BB /* Sources */ = {
			isa = PBXSourcesBuildPhase;
			buildActionMask = 2147483647;
			files = (
				A56549CB2925A38C00F431BB /* UpcomingViewController.swift in Sources */,
				A56549AC2925853700F431BB /* iOSCodingChallengeTests.swift in Sources */,
				A56549CF2925A3B400F431BB /* SearchViewController.swift in Sources */,
				A56549C72925A36500F431BB /* HomeViewController.swift in Sources */,
			);
			runOnlyForDeploymentPostprocessing = 0;
		};
		A56549AD2925853700F431BB /* Sources */ = {
			isa = PBXSourcesBuildPhase;
			buildActionMask = 2147483647;
			files = (
				A56549D02925A3B400F431BB /* SearchViewController.swift in Sources */,
				A56549CC2925A38C00F431BB /* UpcomingViewController.swift in Sources */,
				A56549B82925853700F431BB /* iOSCodingChallengeUITestsLaunchTests.swift in Sources */,
				A56549B62925853700F431BB /* iOSCodingChallengeUITests.swift in Sources */,
				A56549C82925A36500F431BB /* HomeViewController.swift in Sources */,
			);
			runOnlyForDeploymentPostprocessing = 0;
		};
/* End PBXSourcesBuildPhase section */

/* Begin PBXTargetDependency section */
		A56549A92925853700F431BB /* PBXTargetDependency */ = {
			isa = PBXTargetDependency;
			target = A56549902925852F00F431BB /* iOSCodingChallenge */;
			targetProxy = A56549A82925853700F431BB /* PBXContainerItemProxy */;
		};
		A56549B32925853700F431BB /* PBXTargetDependency */ = {
			isa = PBXTargetDependency;
			target = A56549902925852F00F431BB /* iOSCodingChallenge */;
			targetProxy = A56549B22925853700F431BB /* PBXContainerItemProxy */;
		};
/* End PBXTargetDependency section */

/* Begin PBXVariantGroup section */
		A565499F2925853600F431BB /* LaunchScreen.storyboard */ = {
			isa = PBXVariantGroup;
			children = (
				A56549A02925853600F431BB /* Base */,
			);
			name = LaunchScreen.storyboard;
			sourceTree = "<group>";
		};
/* End PBXVariantGroup section */

/* Begin XCBuildConfiguration section */
		A56549B92925853700F431BB /* Debug */ = {
			isa = XCBuildConfiguration;
			buildSettings = {
				ALWAYS_SEARCH_USER_PATHS = NO;
				CLANG_ANALYZER_NONNULL = YES;
				CLANG_ANALYZER_NUMBER_OBJECT_CONVERSION = YES_AGGRESSIVE;
				CLANG_CXX_LANGUAGE_STANDARD = "gnu++17";
				CLANG_ENABLE_MODULES = YES;
				CLANG_ENABLE_OBJC_ARC = YES;
				CLANG_ENABLE_OBJC_WEAK = YES;
				CLANG_WARN_BLOCK_CAPTURE_AUTORELEASING = YES;
				CLANG_WARN_BOOL_CONVERSION = YES;
				CLANG_WARN_COMMA = YES;
				CLANG_WARN_CONSTANT_CONVERSION = YES;
				CLANG_WARN_DEPRECATED_OBJC_IMPLEMENTATIONS = YES;
				CLANG_WARN_DIRECT_OBJC_ISA_USAGE = YES_ERROR;
				CLANG_WARN_DOCUMENTATION_COMMENTS = YES;
				CLANG_WARN_EMPTY_BODY = YES;
				CLANG_WARN_ENUM_CONVERSION = YES;
				CLANG_WARN_INFINITE_RECURSION = YES;
				CLANG_WARN_INT_CONVERSION = YES;
				CLANG_WARN_NON_LITERAL_NULL_CONVERSION = YES;
				CLANG_WARN_OBJC_IMPLICIT_RETAIN_SELF = YES;
				CLANG_WARN_OBJC_LITERAL_CONVERSION = YES;
				CLANG_WARN_OBJC_ROOT_CLASS = YES_ERROR;
				CLANG_WARN_QUOTED_INCLUDE_IN_FRAMEWORK_HEADER = YES;
				CLANG_WARN_RANGE_LOOP_ANALYSIS = YES;
				CLANG_WARN_STRICT_PROTOTYPES = YES;
				CLANG_WARN_SUSPICIOUS_MOVE = YES;
				CLANG_WARN_UNGUARDED_AVAILABILITY = YES_AGGRESSIVE;
				CLANG_WARN_UNREACHABLE_CODE = YES;
				CLANG_WARN__DUPLICATE_METHOD_MATCH = YES;
				COPY_PHASE_STRIP = NO;
				DEBUG_INFORMATION_FORMAT = dwarf;
				ENABLE_STRICT_OBJC_MSGSEND = YES;
				ENABLE_TESTABILITY = YES;
				GCC_C_LANGUAGE_STANDARD = gnu11;
				GCC_DYNAMIC_NO_PIC = NO;
				GCC_NO_COMMON_BLOCKS = YES;
				GCC_OPTIMIZATION_LEVEL = 0;
				GCC_PREPROCESSOR_DEFINITIONS = (
					"DEBUG=1",
					"$(inherited)",
				);
				GCC_WARN_64_TO_32_BIT_CONVERSION = YES;
				GCC_WARN_ABOUT_RETURN_TYPE = YES_ERROR;
				GCC_WARN_UNDECLARED_SELECTOR = YES;
				GCC_WARN_UNINITIALIZED_AUTOS = YES_AGGRESSIVE;
				GCC_WARN_UNUSED_FUNCTION = YES;
				GCC_WARN_UNUSED_VARIABLE = YES;
				IPHONEOS_DEPLOYMENT_TARGET = 15.5;
				MTL_ENABLE_DEBUG_INFO = INCLUDE_SOURCE;
				MTL_FAST_MATH = YES;
				ONLY_ACTIVE_ARCH = YES;
				SDKROOT = iphoneos;
				SWIFT_ACTIVE_COMPILATION_CONDITIONS = DEBUG;
				SWIFT_OPTIMIZATION_LEVEL = "-Onone";
			};
			name = Debug;
		};
		A56549BA2925853700F431BB /* Release */ = {
			isa = XCBuildConfiguration;
			buildSettings = {
				ALWAYS_SEARCH_USER_PATHS = NO;
				CLANG_ANALYZER_NONNULL = YES;
				CLANG_ANALYZER_NUMBER_OBJECT_CONVERSION = YES_AGGRESSIVE;
				CLANG_CXX_LANGUAGE_STANDARD = "gnu++17";
				CLANG_ENABLE_MODULES = YES;
				CLANG_ENABLE_OBJC_ARC = YES;
				CLANG_ENABLE_OBJC_WEAK = YES;
				CLANG_WARN_BLOCK_CAPTURE_AUTORELEASING = YES;
				CLANG_WARN_BOOL_CONVERSION = YES;
				CLANG_WARN_COMMA = YES;
				CLANG_WARN_CONSTANT_CONVERSION = YES;
				CLANG_WARN_DEPRECATED_OBJC_IMPLEMENTATIONS = YES;
				CLANG_WARN_DIRECT_OBJC_ISA_USAGE = YES_ERROR;
				CLANG_WARN_DOCUMENTATION_COMMENTS = YES;
				CLANG_WARN_EMPTY_BODY = YES;
				CLANG_WARN_ENUM_CONVERSION = YES;
				CLANG_WARN_INFINITE_RECURSION = YES;
				CLANG_WARN_INT_CONVERSION = YES;
				CLANG_WARN_NON_LITERAL_NULL_CONVERSION = YES;
				CLANG_WARN_OBJC_IMPLICIT_RETAIN_SELF = YES;
				CLANG_WARN_OBJC_LITERAL_CONVERSION = YES;
				CLANG_WARN_OBJC_ROOT_CLASS = YES_ERROR;
				CLANG_WARN_QUOTED_INCLUDE_IN_FRAMEWORK_HEADER = YES;
				CLANG_WARN_RANGE_LOOP_ANALYSIS = YES;
				CLANG_WARN_STRICT_PROTOTYPES = YES;
				CLANG_WARN_SUSPICIOUS_MOVE = YES;
				CLANG_WARN_UNGUARDED_AVAILABILITY = YES_AGGRESSIVE;
				CLANG_WARN_UNREACHABLE_CODE = YES;
				CLANG_WARN__DUPLICATE_METHOD_MATCH = YES;
				COPY_PHASE_STRIP = NO;
				DEBUG_INFORMATION_FORMAT = "dwarf-with-dsym";
				ENABLE_NS_ASSERTIONS = NO;
				ENABLE_STRICT_OBJC_MSGSEND = YES;
				GCC_C_LANGUAGE_STANDARD = gnu11;
				GCC_NO_COMMON_BLOCKS = YES;
				GCC_WARN_64_TO_32_BIT_CONVERSION = YES;
				GCC_WARN_ABOUT_RETURN_TYPE = YES_ERROR;
				GCC_WARN_UNDECLARED_SELECTOR = YES;
				GCC_WARN_UNINITIALIZED_AUTOS = YES_AGGRESSIVE;
				GCC_WARN_UNUSED_FUNCTION = YES;
				GCC_WARN_UNUSED_VARIABLE = YES;
				IPHONEOS_DEPLOYMENT_TARGET = 15.5;
				MTL_ENABLE_DEBUG_INFO = NO;
				MTL_FAST_MATH = YES;
				SDKROOT = iphoneos;
				SWIFT_COMPILATION_MODE = wholemodule;
				SWIFT_OPTIMIZATION_LEVEL = "-O";
				VALIDATE_PRODUCT = YES;
			};
			name = Release;
		};
		A56549BC2925853700F431BB /* Debug */ = {
			isa = XCBuildConfiguration;
			buildSettings = {
				ASSETCATALOG_COMPILER_APPICON_NAME = AppIcon;
				ASSETCATALOG_COMPILER_GLOBAL_ACCENT_COLOR_NAME = AccentColor;
				CODE_SIGN_STYLE = Automatic;
				CURRENT_PROJECT_VERSION = 1;
				DEVELOPMENT_TEAM = V63Q3T87B9;
				GENERATE_INFOPLIST_FILE = YES;
				INFOPLIST_FILE = iOSCodingChallenge/Info.plist;
				INFOPLIST_KEY_UIApplicationSupportsIndirectInputEvents = YES;
				INFOPLIST_KEY_UILaunchStoryboardName = LaunchScreen;
				INFOPLIST_KEY_UIMainStoryboardFile = LaunchScreen;
				INFOPLIST_KEY_UISupportedInterfaceOrientations = UIInterfaceOrientationPortrait;
				INFOPLIST_KEY_UISupportedInterfaceOrientations_iPad = "UIInterfaceOrientationPortrait UIInterfaceOrientationPortraitUpsideDown UIInterfaceOrientationLandscapeLeft UIInterfaceOrientationLandscapeRight";
				INFOPLIST_KEY_UISupportedInterfaceOrientations_iPhone = "UIInterfaceOrientationPortrait UIInterfaceOrientationLandscapeLeft UIInterfaceOrientationLandscapeRight";
				LD_RUNPATH_SEARCH_PATHS = (
					"$(inherited)",
					"@executable_path/Frameworks",
				);
				MARKETING_VERSION = 1.0;
				PRODUCT_BUNDLE_IDENTIFIER = FetchRewards.iOSCodingChallenge;
				PRODUCT_NAME = "$(TARGET_NAME)";
				SWIFT_EMIT_LOC_STRINGS = YES;
				SWIFT_VERSION = 5.0;
				TARGETED_DEVICE_FAMILY = "1,2";
			};
			name = Debug;
		};
		A56549BD2925853700F431BB /* Release */ = {
			isa = XCBuildConfiguration;
			buildSettings = {
				ASSETCATALOG_COMPILER_APPICON_NAME = AppIcon;
				ASSETCATALOG_COMPILER_GLOBAL_ACCENT_COLOR_NAME = AccentColor;
				CODE_SIGN_STYLE = Automatic;
				CURRENT_PROJECT_VERSION = 1;
				DEVELOPMENT_TEAM = V63Q3T87B9;
				GENERATE_INFOPLIST_FILE = YES;
				INFOPLIST_FILE = iOSCodingChallenge/Info.plist;
				INFOPLIST_KEY_UIApplicationSupportsIndirectInputEvents = YES;
				INFOPLIST_KEY_UILaunchStoryboardName = LaunchScreen;
				INFOPLIST_KEY_UIMainStoryboardFile = LaunchScreen;
				INFOPLIST_KEY_UISupportedInterfaceOrientations = UIInterfaceOrientationPortrait;
				INFOPLIST_KEY_UISupportedInterfaceOrientations_iPad = "UIInterfaceOrientationPortrait UIInterfaceOrientationPortraitUpsideDown UIInterfaceOrientationLandscapeLeft UIInterfaceOrientationLandscapeRight";
				INFOPLIST_KEY_UISupportedInterfaceOrientations_iPhone = "UIInterfaceOrientationPortrait UIInterfaceOrientationLandscapeLeft UIInterfaceOrientationLandscapeRight";
				LD_RUNPATH_SEARCH_PATHS = (
					"$(inherited)",
					"@executable_path/Frameworks",
				);
				MARKETING_VERSION = 1.0;
				PRODUCT_BUNDLE_IDENTIFIER = FetchRewards.iOSCodingChallenge;
				PRODUCT_NAME = "$(TARGET_NAME)";
				SWIFT_EMIT_LOC_STRINGS = YES;
				SWIFT_VERSION = 5.0;
				TARGETED_DEVICE_FAMILY = "1,2";
			};
			name = Release;
		};
		A56549BF2925853700F431BB /* Debug */ = {
			isa = XCBuildConfiguration;
			buildSettings = {
				ALWAYS_EMBED_SWIFT_STANDARD_LIBRARIES = YES;
				BUNDLE_LOADER = "$(TEST_HOST)";
				CODE_SIGN_STYLE = Automatic;
				CURRENT_PROJECT_VERSION = 1;
				GENERATE_INFOPLIST_FILE = YES;
				IPHONEOS_DEPLOYMENT_TARGET = 15.5;
				MARKETING_VERSION = 1.0;
				PRODUCT_BUNDLE_IDENTIFIER = FetchRewards.iOSCodingChallengeTests;
				PRODUCT_NAME = "$(TARGET_NAME)";
				SWIFT_EMIT_LOC_STRINGS = NO;
				SWIFT_VERSION = 5.0;
				TARGETED_DEVICE_FAMILY = "1,2";
				TEST_HOST = "$(BUILT_PRODUCTS_DIR)/iOSCodingChallenge.app/iOSCodingChallenge";
			};
			name = Debug;
		};
		A56549C02925853700F431BB /* Release */ = {
			isa = XCBuildConfiguration;
			buildSettings = {
				ALWAYS_EMBED_SWIFT_STANDARD_LIBRARIES = YES;
				BUNDLE_LOADER = "$(TEST_HOST)";
				CODE_SIGN_STYLE = Automatic;
				CURRENT_PROJECT_VERSION = 1;
				GENERATE_INFOPLIST_FILE = YES;
				IPHONEOS_DEPLOYMENT_TARGET = 15.5;
				MARKETING_VERSION = 1.0;
				PRODUCT_BUNDLE_IDENTIFIER = FetchRewards.iOSCodingChallengeTests;
				PRODUCT_NAME = "$(TARGET_NAME)";
				SWIFT_EMIT_LOC_STRINGS = NO;
				SWIFT_VERSION = 5.0;
				TARGETED_DEVICE_FAMILY = "1,2";
				TEST_HOST = "$(BUILT_PRODUCTS_DIR)/iOSCodingChallenge.app/iOSCodingChallenge";
			};
			name = Release;
		};
		A56549C22925853700F431BB /* Debug */ = {
			isa = XCBuildConfiguration;
			buildSettings = {
				ALWAYS_EMBED_SWIFT_STANDARD_LIBRARIES = YES;
				CODE_SIGN_STYLE = Automatic;
				CURRENT_PROJECT_VERSION = 1;
				GENERATE_INFOPLIST_FILE = YES;
				MARKETING_VERSION = 1.0;
				PRODUCT_BUNDLE_IDENTIFIER = FetchRewards.iOSCodingChallengeUITests;
				PRODUCT_NAME = "$(TARGET_NAME)";
				SWIFT_EMIT_LOC_STRINGS = NO;
				SWIFT_VERSION = 5.0;
				TARGETED_DEVICE_FAMILY = "1,2";
				TEST_TARGET_NAME = iOSCodingChallenge;
			};
			name = Debug;
		};
		A56549C32925853700F431BB /* Release */ = {
			isa = XCBuildConfiguration;
			buildSettings = {
				ALWAYS_EMBED_SWIFT_STANDARD_LIBRARIES = YES;
				CODE_SIGN_STYLE = Automatic;
				CURRENT_PROJECT_VERSION = 1;
				GENERATE_INFOPLIST_FILE = YES;
				MARKETING_VERSION = 1.0;
				PRODUCT_BUNDLE_IDENTIFIER = FetchRewards.iOSCodingChallengeUITests;
				PRODUCT_NAME = "$(TARGET_NAME)";
				SWIFT_EMIT_LOC_STRINGS = NO;
				SWIFT_VERSION = 5.0;
				TARGETED_DEVICE_FAMILY = "1,2";
				TEST_TARGET_NAME = iOSCodingChallenge;
			};
			name = Release;
		};
/* End XCBuildConfiguration section */

/* Begin XCConfigurationList section */
		A565498C2925852E00F431BB /* Build configuration list for PBXProject "iOSCodingChallenge" */ = {
			isa = XCConfigurationList;
			buildConfigurations = (
				A56549B92925853700F431BB /* Debug */,
				A56549BA2925853700F431BB /* Release */,
			);
			defaultConfigurationIsVisible = 0;
			defaultConfigurationName = Release;
		};
		A56549BB2925853700F431BB /* Build configuration list for PBXNativeTarget "iOSCodingChallenge" */ = {
			isa = XCConfigurationList;
			buildConfigurations = (
				A56549BC2925853700F431BB /* Debug */,
				A56549BD2925853700F431BB /* Release */,
			);
			defaultConfigurationIsVisible = 0;
			defaultConfigurationName = Release;
		};
		A56549BE2925853700F431BB /* Build configuration list for PBXNativeTarget "iOSCodingChallengeTests" */ = {
			isa = XCConfigurationList;
			buildConfigurations = (
				A56549BF2925853700F431BB /* Debug */,
				A56549C02925853700F431BB /* Release */,
			);
			defaultConfigurationIsVisible = 0;
			defaultConfigurationName = Release;
		};
		A56549C12925853700F431BB /* Build configuration list for PBXNativeTarget "iOSCodingChallengeUITests" */ = {
			isa = XCConfigurationList;
			buildConfigurations = (
				A56549C22925853700F431BB /* Debug */,
				A56549C32925853700F431BB /* Release */,
			);
			defaultConfigurationIsVisible = 0;
			defaultConfigurationName = Release;
		};
/* End XCConfigurationList section */
	};
	rootObject = A56549892925852E00F431BB /* Project object */;
}
