// !$*UTF8*$!
{
	archiveVersion = 1;
	classes = {
	};
	objectVersion = 55;
	objects = {

/* Begin PBXBuildFile section */
		7FA3A5669460D3C386276AB2 /* Pods_Fetch_Recipes_Fetch_RecipesUITests.framework in Frameworks */ = {isa = PBXBuildFile; fileRef = 5F7F0D37DAA1F890CA3113DE /* Pods_Fetch_Recipes_Fetch_RecipesUITests.framework */; };
		8D2A4146FEF22642A74C1FE4 /* Pods_Fetch_Recipes.framework in Frameworks */ = {isa = PBXBuildFile; fileRef = CFFA90A86A61A59DF74E158A /* Pods_Fetch_Recipes.framework */; };
		A52C757A29263DE500D27EB3 /* CustomCardView.swift in Sources */ = {isa = PBXBuildFile; fileRef = A52C757929263DE500D27EB3 /* CustomCardView.swift */; };
		A52C759F292DD4F500D27EB3 /* Network Manager.swift in Sources */ = {isa = PBXBuildFile; fileRef = A52C759E292DD4F500D27EB3 /* Network Manager.swift */; };
		A52C75A1292DD56D00D27EB3 /* Route.swift in Sources */ = {isa = PBXBuildFile; fileRef = A52C75A0292DD56D00D27EB3 /* Route.swift */; };
		A52C75A3292DD63000D27EB3 /* Method.swift in Sources */ = {isa = PBXBuildFile; fileRef = A52C75A2292DD62F00D27EB3 /* Method.swift */; };
		A52C75A5292DDB7000D27EB3 /* AppError.swift in Sources */ = {isa = PBXBuildFile; fileRef = A52C75A4292DDB7000D27EB3 /* AppError.swift */; };
		A52C75A7292DE16700D27EB3 /* Regions.swift in Sources */ = {isa = PBXBuildFile; fileRef = A52C75A6292DE16700D27EB3 /* Regions.swift */; };
		A52C75A9292DE67B00D27EB3 /* ApiResponse.swift in Sources */ = {isa = PBXBuildFile; fileRef = A52C75A8292DE67B00D27EB3 /* ApiResponse.swift */; };
		A52C75AD292E985900D27EB3 /* AllDesserts.swift in Sources */ = {isa = PBXBuildFile; fileRef = A52C75AC292E985900D27EB3 /* AllDesserts.swift */; };
		A52C75AF292E9B9F00D27EB3 /* GetRecipe.swift in Sources */ = {isa = PBXBuildFile; fileRef = A52C75AE292E9B9F00D27EB3 /* GetRecipe.swift */; };
		A52C75B4292EAE1C00D27EB3 /* FoodCategoryCollectionViewCell.swift in Sources */ = {isa = PBXBuildFile; fileRef = A52C75B2292EAE1C00D27EB3 /* FoodCategoryCollectionViewCell.swift */; };
		A52C75B5292EAE1C00D27EB3 /* FoodCategoryCollectionViewCell.xib in Resources */ = {isa = PBXBuildFile; fileRef = A52C75B3292EAE1C00D27EB3 /* FoodCategoryCollectionViewCell.xib */; };
		A5D59D222925BF830027DA49 /* AppDelegate.swift in Sources */ = {isa = PBXBuildFile; fileRef = A5D59D212925BF830027DA49 /* AppDelegate.swift */; };
		A5D59D242925BF830027DA49 /* SceneDelegate.swift in Sources */ = {isa = PBXBuildFile; fileRef = A5D59D232925BF830027DA49 /* SceneDelegate.swift */; };
		A5D59D292925BF830027DA49 /* Main.storyboard in Resources */ = {isa = PBXBuildFile; fileRef = A5D59D272925BF830027DA49 /* Main.storyboard */; };
		A5D59D2B2925BF850027DA49 /* Assets.xcassets in Resources */ = {isa = PBXBuildFile; fileRef = A5D59D2A2925BF850027DA49 /* Assets.xcassets */; };
		A5D59D2E2925BF850027DA49 /* LaunchScreen.storyboard in Resources */ = {isa = PBXBuildFile; fileRef = A5D59D2C2925BF850027DA49 /* LaunchScreen.storyboard */; };
		A5D59D392925BF850027DA49 /* Fetch_RecipesTests.swift in Sources */ = {isa = PBXBuildFile; fileRef = A5D59D382925BF850027DA49 /* Fetch_RecipesTests.swift */; };
		A5D59D432925BF860027DA49 /* Fetch_RecipesUITests.swift in Sources */ = {isa = PBXBuildFile; fileRef = A5D59D422925BF860027DA49 /* Fetch_RecipesUITests.swift */; };
		A5D59D452925BF860027DA49 /* Fetch_RecipesUITestsLaunchTests.swift in Sources */ = {isa = PBXBuildFile; fileRef = A5D59D442925BF860027DA49 /* Fetch_RecipesUITestsLaunchTests.swift */; };
		A5D59D562925C3DC0027DA49 /* OnboardingViewController.swift in Sources */ = {isa = PBXBuildFile; fileRef = A5D59D552925C3DC0027DA49 /* OnboardingViewController.swift */; };
		A5D59D592925C6970027DA49 /* UIView+Extension.swift in Sources */ = {isa = PBXBuildFile; fileRef = A5D59D582925C6970027DA49 /* UIView+Extension.swift */; };
		A5D59D5B2925C8A10027DA49 /* OnboardingSlide.swift in Sources */ = {isa = PBXBuildFile; fileRef = A5D59D5A2925C8A10027DA49 /* OnboardingSlide.swift */; };
		A5D59D5F2925CD290027DA49 /* OnboardingCollectionViewCell.swift in Sources */ = {isa = PBXBuildFile; fileRef = A5D59D5E2925CD290027DA49 /* OnboardingCollectionViewCell.swift */; };
		A5F09C112925E5120077F51C /* HomeCollectionViewController.swift in Sources */ = {isa = PBXBuildFile; fileRef = A5F09C102925E5120077F51C /* HomeCollectionViewController.swift */; };
		A5F09C16292620FA0077F51C /* CategoryCollectionViewCell.swift in Sources */ = {isa = PBXBuildFile; fileRef = A5F09C14292620FA0077F51C /* CategoryCollectionViewCell.swift */; };
		A5F09C17292620FA0077F51C /* CategoryCollectionViewCell.xib in Resources */ = {isa = PBXBuildFile; fileRef = A5F09C15292620FA0077F51C /* CategoryCollectionViewCell.xib */; };
		A5F09C19292622C40077F51C /* FoodCategory.swift in Sources */ = {isa = PBXBuildFile; fileRef = A5F09C18292622C40077F51C /* FoodCategory.swift */; };
		A5F09C1B2926249E0077F51C /* String+Extension.swift in Sources */ = {isa = PBXBuildFile; fileRef = A5F09C1A2926249E0077F51C /* String+Extension.swift */; };
		A5F09C1F2926298F0077F51C /* HomeViewController.swift in Sources */ = {isa = PBXBuildFile; fileRef = A5F09C1E2926298F0077F51C /* HomeViewController.swift */; };
		F731F7A36B10ABD5D15D4373 /* Pods_Fetch_RecipesTests.framework in Frameworks */ = {isa = PBXBuildFile; fileRef = DEF7BDE3F3D538F2792F8344 /* Pods_Fetch_RecipesTests.framework */; };
/* End PBXBuildFile section */

/* Begin PBXContainerItemProxy section */
		A5D59D352925BF850027DA49 /* PBXContainerItemProxy */ = {
			isa = PBXContainerItemProxy;
			containerPortal = A5D59D162925BF830027DA49 /* Project object */;
			proxyType = 1;
			remoteGlobalIDString = A5D59D1D2925BF830027DA49;
			remoteInfo = "Fetch Recipes";
		};
		A5D59D3F2925BF850027DA49 /* PBXContainerItemProxy */ = {
			isa = PBXContainerItemProxy;
			containerPortal = A5D59D162925BF830027DA49 /* Project object */;
			proxyType = 1;
			remoteGlobalIDString = A5D59D1D2925BF830027DA49;
			remoteInfo = "Fetch Recipes";
		};
/* End PBXContainerItemProxy section */

/* Begin PBXFileReference section */
		1ECEFFCDF32A34B5E92E43A1 /* Pods-Fetch Recipes-Fetch RecipesUITests.release.xcconfig */ = {isa = PBXFileReference; includeInIndex = 1; lastKnownFileType = text.xcconfig; name = "Pods-Fetch Recipes-Fetch RecipesUITests.release.xcconfig"; path = "Target Support Files/Pods-Fetch Recipes-Fetch RecipesUITests/Pods-Fetch Recipes-Fetch RecipesUITests.release.xcconfig"; sourceTree = "<group>"; };
		2905FD0A640ABD3DAC37D4EC /* Pods-Fetch Recipes.debug.xcconfig */ = {isa = PBXFileReference; includeInIndex = 1; lastKnownFileType = text.xcconfig; name = "Pods-Fetch Recipes.debug.xcconfig"; path = "Target Support Files/Pods-Fetch Recipes/Pods-Fetch Recipes.debug.xcconfig"; sourceTree = "<group>"; };
		5799414A8A03AE62650F42CA /* Pods-Fetch RecipesTests.debug.xcconfig */ = {isa = PBXFileReference; includeInIndex = 1; lastKnownFileType = text.xcconfig; name = "Pods-Fetch RecipesTests.debug.xcconfig"; path = "Target Support Files/Pods-Fetch RecipesTests/Pods-Fetch RecipesTests.debug.xcconfig"; sourceTree = "<group>"; };
		5F7F0D37DAA1F890CA3113DE /* Pods_Fetch_Recipes_Fetch_RecipesUITests.framework */ = {isa = PBXFileReference; explicitFileType = wrapper.framework; includeInIndex = 0; path = Pods_Fetch_Recipes_Fetch_RecipesUITests.framework; sourceTree = BUILT_PRODUCTS_DIR; };
		A52C757929263DE500D27EB3 /* CustomCardView.swift */ = {isa = PBXFileReference; lastKnownFileType = sourcecode.swift; path = CustomCardView.swift; sourceTree = "<group>"; };
		A52C759E292DD4F500D27EB3 /* Network Manager.swift */ = {isa = PBXFileReference; lastKnownFileType = sourcecode.swift; path = "Network Manager.swift"; sourceTree = "<group>"; };
		A52C75A0292DD56D00D27EB3 /* Route.swift */ = {isa = PBXFileReference; lastKnownFileType = sourcecode.swift; path = Route.swift; sourceTree = "<group>"; };
		A52C75A2292DD62F00D27EB3 /* Method.swift */ = {isa = PBXFileReference; lastKnownFileType = sourcecode.swift; path = Method.swift; sourceTree = "<group>"; };
		A52C75A4292DDB7000D27EB3 /* AppError.swift */ = {isa = PBXFileReference; lastKnownFileType = sourcecode.swift; path = AppError.swift; sourceTree = "<group>"; };
		A52C75A6292DE16700D27EB3 /* Regions.swift */ = {isa = PBXFileReference; lastKnownFileType = sourcecode.swift; path = Regions.swift; sourceTree = "<group>"; };
		A52C75A8292DE67B00D27EB3 /* ApiResponse.swift */ = {isa = PBXFileReference; lastKnownFileType = sourcecode.swift; path = ApiResponse.swift; sourceTree = "<group>"; };
		A52C75AC292E985900D27EB3 /* AllDesserts.swift */ = {isa = PBXFileReference; lastKnownFileType = sourcecode.swift; path = AllDesserts.swift; sourceTree = "<group>"; };
		A52C75AE292E9B9F00D27EB3 /* GetRecipe.swift */ = {isa = PBXFileReference; lastKnownFileType = sourcecode.swift; path = GetRecipe.swift; sourceTree = "<group>"; };
		A52C75B2292EAE1C00D27EB3 /* FoodCategoryCollectionViewCell.swift */ = {isa = PBXFileReference; lastKnownFileType = sourcecode.swift; path = FoodCategoryCollectionViewCell.swift; sourceTree = "<group>"; };
		A52C75B3292EAE1C00D27EB3 /* FoodCategoryCollectionViewCell.xib */ = {isa = PBXFileReference; lastKnownFileType = file.xib; path = FoodCategoryCollectionViewCell.xib; sourceTree = "<group>"; };
		A5D59D1E2925BF830027DA49 /* Fetch Recipes.app */ = {isa = PBXFileReference; explicitFileType = wrapper.application; includeInIndex = 0; path = "Fetch Recipes.app"; sourceTree = BUILT_PRODUCTS_DIR; };
		A5D59D212925BF830027DA49 /* AppDelegate.swift */ = {isa = PBXFileReference; lastKnownFileType = sourcecode.swift; path = AppDelegate.swift; sourceTree = "<group>"; };
		A5D59D232925BF830027DA49 /* SceneDelegate.swift */ = {isa = PBXFileReference; lastKnownFileType = sourcecode.swift; path = SceneDelegate.swift; sourceTree = "<group>"; };
		A5D59D282925BF830027DA49 /* Base */ = {isa = PBXFileReference; lastKnownFileType = file.storyboard; name = Base; path = Base.lproj/Main.storyboard; sourceTree = "<group>"; };
		A5D59D2A2925BF850027DA49 /* Assets.xcassets */ = {isa = PBXFileReference; lastKnownFileType = folder.assetcatalog; path = Assets.xcassets; sourceTree = "<group>"; };
		A5D59D2D2925BF850027DA49 /* Base */ = {isa = PBXFileReference; lastKnownFileType = file.storyboard; name = Base; path = Base.lproj/LaunchScreen.storyboard; sourceTree = "<group>"; };
		A5D59D2F2925BF850027DA49 /* Info.plist */ = {isa = PBXFileReference; lastKnownFileType = text.plist.xml; path = Info.plist; sourceTree = "<group>"; };
		A5D59D342925BF850027DA49 /* Fetch RecipesTests.xctest */ = {isa = PBXFileReference; explicitFileType = wrapper.cfbundle; includeInIndex = 0; path = "Fetch RecipesTests.xctest"; sourceTree = BUILT_PRODUCTS_DIR; };
		A5D59D382925BF850027DA49 /* Fetch_RecipesTests.swift */ = {isa = PBXFileReference; lastKnownFileType = sourcecode.swift; path = Fetch_RecipesTests.swift; sourceTree = "<group>"; };
		A5D59D3E2925BF850027DA49 /* Fetch RecipesUITests.xctest */ = {isa = PBXFileReference; explicitFileType = wrapper.cfbundle; includeInIndex = 0; path = "Fetch RecipesUITests.xctest"; sourceTree = BUILT_PRODUCTS_DIR; };
		A5D59D422925BF860027DA49 /* Fetch_RecipesUITests.swift */ = {isa = PBXFileReference; lastKnownFileType = sourcecode.swift; path = Fetch_RecipesUITests.swift; sourceTree = "<group>"; };
		A5D59D442925BF860027DA49 /* Fetch_RecipesUITestsLaunchTests.swift */ = {isa = PBXFileReference; lastKnownFileType = sourcecode.swift; path = Fetch_RecipesUITestsLaunchTests.swift; sourceTree = "<group>"; };
		A5D59D552925C3DC0027DA49 /* OnboardingViewController.swift */ = {isa = PBXFileReference; lastKnownFileType = sourcecode.swift; path = OnboardingViewController.swift; sourceTree = "<group>"; };
		A5D59D582925C6970027DA49 /* UIView+Extension.swift */ = {isa = PBXFileReference; lastKnownFileType = sourcecode.swift; path = "UIView+Extension.swift"; sourceTree = "<group>"; };
		A5D59D5A2925C8A10027DA49 /* OnboardingSlide.swift */ = {isa = PBXFileReference; lastKnownFileType = sourcecode.swift; path = OnboardingSlide.swift; sourceTree = "<group>"; };
		A5D59D5E2925CD290027DA49 /* OnboardingCollectionViewCell.swift */ = {isa = PBXFileReference; lastKnownFileType = sourcecode.swift; path = OnboardingCollectionViewCell.swift; sourceTree = "<group>"; };
		A5F09C102925E5120077F51C /* HomeCollectionViewController.swift */ = {isa = PBXFileReference; lastKnownFileType = sourcecode.swift; path = HomeCollectionViewController.swift; sourceTree = "<group>"; };
		A5F09C14292620FA0077F51C /* CategoryCollectionViewCell.swift */ = {isa = PBXFileReference; lastKnownFileType = sourcecode.swift; path = CategoryCollectionViewCell.swift; sourceTree = "<group>"; };
		A5F09C15292620FA0077F51C /* CategoryCollectionViewCell.xib */ = {isa = PBXFileReference; lastKnownFileType = file.xib; path = CategoryCollectionViewCell.xib; sourceTree = "<group>"; };
		A5F09C18292622C40077F51C /* FoodCategory.swift */ = {isa = PBXFileReference; lastKnownFileType = sourcecode.swift; path = FoodCategory.swift; sourceTree = "<group>"; };
		A5F09C1A2926249E0077F51C /* String+Extension.swift */ = {isa = PBXFileReference; lastKnownFileType = sourcecode.swift; path = "String+Extension.swift"; sourceTree = "<group>"; };
		A5F09C1E2926298F0077F51C /* HomeViewController.swift */ = {isa = PBXFileReference; lastKnownFileType = sourcecode.swift; path = HomeViewController.swift; sourceTree = "<group>"; };
		A99F57497D24EFAD06277630 /* Pods-Fetch Recipes-Fetch RecipesUITests.debug.xcconfig */ = {isa = PBXFileReference; includeInIndex = 1; lastKnownFileType = text.xcconfig; name = "Pods-Fetch Recipes-Fetch RecipesUITests.debug.xcconfig"; path = "Target Support Files/Pods-Fetch Recipes-Fetch RecipesUITests/Pods-Fetch Recipes-Fetch RecipesUITests.debug.xcconfig"; sourceTree = "<group>"; };
		CFFA90A86A61A59DF74E158A /* Pods_Fetch_Recipes.framework */ = {isa = PBXFileReference; explicitFileType = wrapper.framework; includeInIndex = 0; path = Pods_Fetch_Recipes.framework; sourceTree = BUILT_PRODUCTS_DIR; };
		DEF7BDE3F3D538F2792F8344 /* Pods_Fetch_RecipesTests.framework */ = {isa = PBXFileReference; explicitFileType = wrapper.framework; includeInIndex = 0; path = Pods_Fetch_RecipesTests.framework; sourceTree = BUILT_PRODUCTS_DIR; };
		E046D1EDA71DA3F6284DDC89 /* Pods-Fetch RecipesTests.release.xcconfig */ = {isa = PBXFileReference; includeInIndex = 1; lastKnownFileType = text.xcconfig; name = "Pods-Fetch RecipesTests.release.xcconfig"; path = "Target Support Files/Pods-Fetch RecipesTests/Pods-Fetch RecipesTests.release.xcconfig"; sourceTree = "<group>"; };
		F79714D0E12A3CE5E9C1033D /* Pods-Fetch Recipes.release.xcconfig */ = {isa = PBXFileReference; includeInIndex = 1; lastKnownFileType = text.xcconfig; name = "Pods-Fetch Recipes.release.xcconfig"; path = "Target Support Files/Pods-Fetch Recipes/Pods-Fetch Recipes.release.xcconfig"; sourceTree = "<group>"; };
/* End PBXFileReference section */

/* Begin PBXFrameworksBuildPhase section */
		A5D59D1B2925BF830027DA49 /* Frameworks */ = {
			isa = PBXFrameworksBuildPhase;
			buildActionMask = 2147483647;
			files = (
				8D2A4146FEF22642A74C1FE4 /* Pods_Fetch_Recipes.framework in Frameworks */,
			);
			runOnlyForDeploymentPostprocessing = 0;
		};
		A5D59D312925BF850027DA49 /* Frameworks */ = {
			isa = PBXFrameworksBuildPhase;
			buildActionMask = 2147483647;
			files = (
				F731F7A36B10ABD5D15D4373 /* Pods_Fetch_RecipesTests.framework in Frameworks */,
			);
			runOnlyForDeploymentPostprocessing = 0;
		};
		A5D59D3B2925BF850027DA49 /* Frameworks */ = {
			isa = PBXFrameworksBuildPhase;
			buildActionMask = 2147483647;
			files = (
				7FA3A5669460D3C386276AB2 /* Pods_Fetch_Recipes_Fetch_RecipesUITests.framework in Frameworks */,
			);
			runOnlyForDeploymentPostprocessing = 0;
		};
/* End PBXFrameworksBuildPhase section */

/* Begin PBXGroup section */
		5EFABC651C7EFDB24A263D91 /* Frameworks */ = {
			isa = PBXGroup;
			children = (
				CFFA90A86A61A59DF74E158A /* Pods_Fetch_Recipes.framework */,
				5F7F0D37DAA1F890CA3113DE /* Pods_Fetch_Recipes_Fetch_RecipesUITests.framework */,
				DEF7BDE3F3D538F2792F8344 /* Pods_Fetch_RecipesTests.framework */,
			);
			name = Frameworks;
			sourceTree = "<group>";
		};
		9EC8A0576AD03EF64C5D5446 /* Pods */ = {
			isa = PBXGroup;
			children = (
				2905FD0A640ABD3DAC37D4EC /* Pods-Fetch Recipes.debug.xcconfig */,
				F79714D0E12A3CE5E9C1033D /* Pods-Fetch Recipes.release.xcconfig */,
				A99F57497D24EFAD06277630 /* Pods-Fetch Recipes-Fetch RecipesUITests.debug.xcconfig */,
				1ECEFFCDF32A34B5E92E43A1 /* Pods-Fetch Recipes-Fetch RecipesUITests.release.xcconfig */,
				5799414A8A03AE62650F42CA /* Pods-Fetch RecipesTests.debug.xcconfig */,
				E046D1EDA71DA3F6284DDC89 /* Pods-Fetch RecipesTests.release.xcconfig */,
			);
			path = Pods;
			sourceTree = "<group>";
		};
		A52C757829263DCA00D27EB3 /* CardView */ = {
			isa = PBXGroup;
			children = (
				A52C757929263DE500D27EB3 /* CustomCardView.swift */,
			);
			path = CardView;
			sourceTree = "<group>";
		};
		A52C759D292DD4E200D27EB3 /* NetworkManager */ = {
			isa = PBXGroup;
			children = (
				A52C759E292DD4F500D27EB3 /* Network Manager.swift */,
				A52C75A2292DD62F00D27EB3 /* Method.swift */,
				A52C75A8292DE67B00D27EB3 /* ApiResponse.swift */,
				A52C75A4292DDB7000D27EB3 /* AppError.swift */,
				A52C75A0292DD56D00D27EB3 /* Route.swift */,
			);
			path = NetworkManager;
			sourceTree = "<group>";
		};
		A52C75B1292EADF700D27EB3 /* FoodCategoryCollectionViewCell */ = {
			isa = PBXGroup;
			children = (
				A52C75B2292EAE1C00D27EB3 /* FoodCategoryCollectionViewCell.swift */,
				A52C75B3292EAE1C00D27EB3 /* FoodCategoryCollectionViewCell.xib */,
			);
			path = FoodCategoryCollectionViewCell;
			sourceTree = "<group>";
		};
		A5D59D152925BF820027DA49 = {
			isa = PBXGroup;
			children = (
				A5D59D202925BF830027DA49 /* Fetch Recipes */,
				A5D59D372925BF850027DA49 /* Fetch RecipesTests */,
				A5D59D412925BF860027DA49 /* Fetch RecipesUITests */,
				A5D59D1F2925BF830027DA49 /* Products */,
				9EC8A0576AD03EF64C5D5446 /* Pods */,
				5EFABC651C7EFDB24A263D91 /* Frameworks */,
			);
			sourceTree = "<group>";
		};
		A5D59D1F2925BF830027DA49 /* Products */ = {
			isa = PBXGroup;
			children = (
				A5D59D1E2925BF830027DA49 /* Fetch Recipes.app */,
				A5D59D342925BF850027DA49 /* Fetch RecipesTests.xctest */,
				A5D59D3E2925BF850027DA49 /* Fetch RecipesUITests.xctest */,
			);
			name = Products;
			sourceTree = "<group>";
		};
		A5D59D202925BF830027DA49 /* Fetch Recipes */ = {
			isa = PBXGroup;
			children = (
				A52C759D292DD4E200D27EB3 /* NetworkManager */,
				A5D59D572925C67D0027DA49 /* Extensions */,
				A5D59D212925BF830027DA49 /* AppDelegate.swift */,
				A5D59D512925C3870027DA49 /* Models */,
				A5D59D232925BF830027DA49 /* SceneDelegate.swift */,
				A5D59D532925C3AE0027DA49 /* CustomViews */,
				A5D59D522925C39D0027DA49 /* Views */,
				A5D59D272925BF830027DA49 /* Main.storyboard */,
				A5D59D2A2925BF850027DA49 /* Assets.xcassets */,
				A5D59D2C2925BF850027DA49 /* LaunchScreen.storyboard */,
				A5D59D2F2925BF850027DA49 /* Info.plist */,
			);
			path = "Fetch Recipes";
			sourceTree = "<group>";
		};
		A5D59D372925BF850027DA49 /* Fetch RecipesTests */ = {
			isa = PBXGroup;
			children = (
				A5D59D382925BF850027DA49 /* Fetch_RecipesTests.swift */,
			);
			path = "Fetch RecipesTests";
			sourceTree = "<group>";
		};
		A5D59D412925BF860027DA49 /* Fetch RecipesUITests */ = {
			isa = PBXGroup;
			children = (
				A5D59D422925BF860027DA49 /* Fetch_RecipesUITests.swift */,
				A5D59D442925BF860027DA49 /* Fetch_RecipesUITestsLaunchTests.swift */,
			);
			path = "Fetch RecipesUITests";
			sourceTree = "<group>";
		};
		A5D59D512925C3870027DA49 /* Models */ = {
			isa = PBXGroup;
			children = (
				A5D59D5A2925C8A10027DA49 /* OnboardingSlide.swift */,
				A52C75A6292DE16700D27EB3 /* Regions.swift */,
				A52C75AE292E9B9F00D27EB3 /* GetRecipe.swift */,
				A52C75AC292E985900D27EB3 /* AllDesserts.swift */,
				A5F09C18292622C40077F51C /* FoodCategory.swift */,
			);
			path = Models;
			sourceTree = "<group>";
		};
		A5D59D522925C39D0027DA49 /* Views */ = {
			isa = PBXGroup;
			children = (
				A5F09C0F2925E4F10077F51C /* Home */,
				A5D59D542925C3BB0027DA49 /* Onboarding */,
			);
			path = Views;
			sourceTree = "<group>";
		};
		A5D59D532925C3AE0027DA49 /* CustomViews */ = {
			isa = PBXGroup;
			children = (
				A52C757829263DCA00D27EB3 /* CardView */,
				A5F09C12292620BB0077F51C /* CollectionViewCells */,
			);
			path = CustomViews;
			sourceTree = "<group>";
		};
		A5D59D542925C3BB0027DA49 /* Onboarding */ = {
			isa = PBXGroup;
			children = (
				A5D59D552925C3DC0027DA49 /* OnboardingViewController.swift */,
				A5D59D5E2925CD290027DA49 /* OnboardingCollectionViewCell.swift */,
			);
			path = Onboarding;
			sourceTree = "<group>";
		};
		A5D59D572925C67D0027DA49 /* Extensions */ = {
			isa = PBXGroup;
			children = (
				A5D59D582925C6970027DA49 /* UIView+Extension.swift */,
				A5F09C1A2926249E0077F51C /* String+Extension.swift */,
			);
			path = Extensions;
			sourceTree = "<group>";
		};
		A5F09C0F2925E4F10077F51C /* Home */ = {
			isa = PBXGroup;
			children = (
				A5F09C1E2926298F0077F51C /* HomeViewController.swift */,
				A5F09C102925E5120077F51C /* HomeCollectionViewController.swift */,
			);
			path = Home;
			sourceTree = "<group>";
		};
		A5F09C12292620BB0077F51C /* CollectionViewCells */ = {
			isa = PBXGroup;
			children = (
				A52C75B1292EADF700D27EB3 /* FoodCategoryCollectionViewCell */,
				A5F09C13292620C50077F51C /* CategoryCollectionViewCell */,
			);
			path = CollectionViewCells;
			sourceTree = "<group>";
		};
		A5F09C13292620C50077F51C /* CategoryCollectionViewCell */ = {
			isa = PBXGroup;
			children = (
				A5F09C14292620FA0077F51C /* CategoryCollectionViewCell.swift */,
				A5F09C15292620FA0077F51C /* CategoryCollectionViewCell.xib */,
			);
			path = CategoryCollectionViewCell;
			sourceTree = "<group>";
		};
/* End PBXGroup section */

/* Begin PBXNativeTarget section */
		A5D59D1D2925BF830027DA49 /* Fetch Recipes */ = {
			isa = PBXNativeTarget;
			buildConfigurationList = A5D59D482925BF860027DA49 /* Build configuration list for PBXNativeTarget "Fetch Recipes" */;
			buildPhases = (
				67B8EE55C9E9AE1FBFA99E8D /* [CP] Check Pods Manifest.lock */,
				A5D59D1A2925BF830027DA49 /* Sources */,
				A5D59D1B2925BF830027DA49 /* Frameworks */,
				A5D59D1C2925BF830027DA49 /* Resources */,
				0650DA1ECD8DA66B2ABBA699 /* [CP] Embed Pods Frameworks */,
			);
			buildRules = (
			);
			dependencies = (
			);
			name = "Fetch Recipes";
			productName = "Fetch Recipes";
			productReference = A5D59D1E2925BF830027DA49 /* Fetch Recipes.app */;
			productType = "com.apple.product-type.application";
		};
		A5D59D332925BF850027DA49 /* Fetch RecipesTests */ = {
			isa = PBXNativeTarget;
			buildConfigurationList = A5D59D4B2925BF860027DA49 /* Build configuration list for PBXNativeTarget "Fetch RecipesTests" */;
			buildPhases = (
				929FD227F040A6EE6844ABC0 /* [CP] Check Pods Manifest.lock */,
				A5D59D302925BF850027DA49 /* Sources */,
				A5D59D312925BF850027DA49 /* Frameworks */,
				A5D59D322925BF850027DA49 /* Resources */,
			);
			buildRules = (
			);
			dependencies = (
				A5D59D362925BF850027DA49 /* PBXTargetDependency */,
			);
			name = "Fetch RecipesTests";
			productName = "Fetch RecipesTests";
			productReference = A5D59D342925BF850027DA49 /* Fetch RecipesTests.xctest */;
			productType = "com.apple.product-type.bundle.unit-test";
		};
		A5D59D3D2925BF850027DA49 /* Fetch RecipesUITests */ = {
			isa = PBXNativeTarget;
			buildConfigurationList = A5D59D4E2925BF860027DA49 /* Build configuration list for PBXNativeTarget "Fetch RecipesUITests" */;
			buildPhases = (
				B3BDBECAABDB88CE4BC04F13 /* [CP] Check Pods Manifest.lock */,
				A5D59D3A2925BF850027DA49 /* Sources */,
				A5D59D3B2925BF850027DA49 /* Frameworks */,
				A5D59D3C2925BF850027DA49 /* Resources */,
				5F571184AD2CF7F0E0CE6346 /* [CP] Embed Pods Frameworks */,
			);
			buildRules = (
			);
			dependencies = (
				A5D59D402925BF850027DA49 /* PBXTargetDependency */,
			);
			name = "Fetch RecipesUITests";
			productName = "Fetch RecipesUITests";
			productReference = A5D59D3E2925BF850027DA49 /* Fetch RecipesUITests.xctest */;
			productType = "com.apple.product-type.bundle.ui-testing";
		};
/* End PBXNativeTarget section */

/* Begin PBXProject section */
		A5D59D162925BF830027DA49 /* Project object */ = {
			isa = PBXProject;
			attributes = {
				BuildIndependentTargetsInParallel = 1;
				LastSwiftUpdateCheck = 1340;
				LastUpgradeCheck = 1340;
				TargetAttributes = {
					A5D59D1D2925BF830027DA49 = {
						CreatedOnToolsVersion = 13.4;
					};
					A5D59D332925BF850027DA49 = {
						CreatedOnToolsVersion = 13.4;
						TestTargetID = A5D59D1D2925BF830027DA49;
					};
					A5D59D3D2925BF850027DA49 = {
						CreatedOnToolsVersion = 13.4;
						TestTargetID = A5D59D1D2925BF830027DA49;
					};
				};
			};
			buildConfigurationList = A5D59D192925BF830027DA49 /* Build configuration list for PBXProject "Fetch Recipes" */;
			compatibilityVersion = "Xcode 13.0";
			developmentRegion = en;
			hasScannedForEncodings = 0;
			knownRegions = (
				en,
				Base,
			);
			mainGroup = A5D59D152925BF820027DA49;
			productRefGroup = A5D59D1F2925BF830027DA49 /* Products */;
			projectDirPath = "";
			projectRoot = "";
			targets = (
				A5D59D1D2925BF830027DA49 /* Fetch Recipes */,
				A5D59D332925BF850027DA49 /* Fetch RecipesTests */,
				A5D59D3D2925BF850027DA49 /* Fetch RecipesUITests */,
			);
		};
/* End PBXProject section */

/* Begin PBXResourcesBuildPhase section */
		A5D59D1C2925BF830027DA49 /* Resources */ = {
			isa = PBXResourcesBuildPhase;
			buildActionMask = 2147483647;
			files = (
				A5F09C17292620FA0077F51C /* CategoryCollectionViewCell.xib in Resources */,
				A5D59D2E2925BF850027DA49 /* LaunchScreen.storyboard in Resources */,
				A5D59D2B2925BF850027DA49 /* Assets.xcassets in Resources */,
				A52C75B5292EAE1C00D27EB3 /* FoodCategoryCollectionViewCell.xib in Resources */,
				A5D59D292925BF830027DA49 /* Main.storyboard in Resources */,
			);
			runOnlyForDeploymentPostprocessing = 0;
		};
		A5D59D322925BF850027DA49 /* Resources */ = {
			isa = PBXResourcesBuildPhase;
			buildActionMask = 2147483647;
			files = (
			);
			runOnlyForDeploymentPostprocessing = 0;
		};
		A5D59D3C2925BF850027DA49 /* Resources */ = {
			isa = PBXResourcesBuildPhase;
			buildActionMask = 2147483647;
			files = (
			);
			runOnlyForDeploymentPostprocessing = 0;
		};
/* End PBXResourcesBuildPhase section */

/* Begin PBXShellScriptBuildPhase section */
		0650DA1ECD8DA66B2ABBA699 /* [CP] Embed Pods Frameworks */ = {
			isa = PBXShellScriptBuildPhase;
			buildActionMask = 2147483647;
			files = (
			);
			inputFileListPaths = (
				"${PODS_ROOT}/Target Support Files/Pods-Fetch Recipes/Pods-Fetch Recipes-frameworks-${CONFIGURATION}-input-files.xcfilelist",
			);
			name = "[CP] Embed Pods Frameworks";
			outputFileListPaths = (
				"${PODS_ROOT}/Target Support Files/Pods-Fetch Recipes/Pods-Fetch Recipes-frameworks-${CONFIGURATION}-output-files.xcfilelist",
			);
			runOnlyForDeploymentPostprocessing = 0;
			shellPath = /bin/sh;
			shellScript = "\"${PODS_ROOT}/Target Support Files/Pods-Fetch Recipes/Pods-Fetch Recipes-frameworks.sh\"\n";
			showEnvVarsInLog = 0;
		};
		5F571184AD2CF7F0E0CE6346 /* [CP] Embed Pods Frameworks */ = {
			isa = PBXShellScriptBuildPhase;
			buildActionMask = 2147483647;
			files = (
			);
			inputFileListPaths = (
				"${PODS_ROOT}/Target Support Files/Pods-Fetch Recipes-Fetch RecipesUITests/Pods-Fetch Recipes-Fetch RecipesUITests-frameworks-${CONFIGURATION}-input-files.xcfilelist",
			);
			name = "[CP] Embed Pods Frameworks";
			outputFileListPaths = (
				"${PODS_ROOT}/Target Support Files/Pods-Fetch Recipes-Fetch RecipesUITests/Pods-Fetch Recipes-Fetch RecipesUITests-frameworks-${CONFIGURATION}-output-files.xcfilelist",
			);
			runOnlyForDeploymentPostprocessing = 0;
			shellPath = /bin/sh;
			shellScript = "\"${PODS_ROOT}/Target Support Files/Pods-Fetch Recipes-Fetch RecipesUITests/Pods-Fetch Recipes-Fetch RecipesUITests-frameworks.sh\"\n";
			showEnvVarsInLog = 0;
		};
		67B8EE55C9E9AE1FBFA99E8D /* [CP] Check Pods Manifest.lock */ = {
			isa = PBXShellScriptBuildPhase;
			buildActionMask = 2147483647;
			files = (
			);
			inputFileListPaths = (
			);
			inputPaths = (
				"${PODS_PODFILE_DIR_PATH}/Podfile.lock",
				"${PODS_ROOT}/Manifest.lock",
			);
			name = "[CP] Check Pods Manifest.lock";
			outputFileListPaths = (
			);
			outputPaths = (
				"$(DERIVED_FILE_DIR)/Pods-Fetch Recipes-checkManifestLockResult.txt",
			);
			runOnlyForDeploymentPostprocessing = 0;
			shellPath = /bin/sh;
			shellScript = "diff \"${PODS_PODFILE_DIR_PATH}/Podfile.lock\" \"${PODS_ROOT}/Manifest.lock\" > /dev/null\nif [ $? != 0 ] ; then\n    # print error to STDERR\n    echo \"error: The sandbox is not in sync with the Podfile.lock. Run 'pod install' or update your CocoaPods installation.\" >&2\n    exit 1\nfi\n# This output is used by Xcode 'outputs' to avoid re-running this script phase.\necho \"SUCCESS\" > \"${SCRIPT_OUTPUT_FILE_0}\"\n";
			showEnvVarsInLog = 0;
		};
		929FD227F040A6EE6844ABC0 /* [CP] Check Pods Manifest.lock */ = {
			isa = PBXShellScriptBuildPhase;
			buildActionMask = 2147483647;
			files = (
			);
			inputFileListPaths = (
			);
			inputPaths = (
				"${PODS_PODFILE_DIR_PATH}/Podfile.lock",
				"${PODS_ROOT}/Manifest.lock",
			);
			name = "[CP] Check Pods Manifest.lock";
			outputFileListPaths = (
			);
			outputPaths = (
				"$(DERIVED_FILE_DIR)/Pods-Fetch RecipesTests-checkManifestLockResult.txt",
			);
			runOnlyForDeploymentPostprocessing = 0;
			shellPath = /bin/sh;
			shellScript = "diff \"${PODS_PODFILE_DIR_PATH}/Podfile.lock\" \"${PODS_ROOT}/Manifest.lock\" > /dev/null\nif [ $? != 0 ] ; then\n    # print error to STDERR\n    echo \"error: The sandbox is not in sync with the Podfile.lock. Run 'pod install' or update your CocoaPods installation.\" >&2\n    exit 1\nfi\n# This output is used by Xcode 'outputs' to avoid re-running this script phase.\necho \"SUCCESS\" > \"${SCRIPT_OUTPUT_FILE_0}\"\n";
			showEnvVarsInLog = 0;
		};
		B3BDBECAABDB88CE4BC04F13 /* [CP] Check Pods Manifest.lock */ = {
			isa = PBXShellScriptBuildPhase;
			buildActionMask = 2147483647;
			files = (
			);
			inputFileListPaths = (
			);
			inputPaths = (
				"${PODS_PODFILE_DIR_PATH}/Podfile.lock",
				"${PODS_ROOT}/Manifest.lock",
			);
			name = "[CP] Check Pods Manifest.lock";
			outputFileListPaths = (
			);
			outputPaths = (
				"$(DERIVED_FILE_DIR)/Pods-Fetch Recipes-Fetch RecipesUITests-checkManifestLockResult.txt",
			);
			runOnlyForDeploymentPostprocessing = 0;
			shellPath = /bin/sh;
			shellScript = "diff \"${PODS_PODFILE_DIR_PATH}/Podfile.lock\" \"${PODS_ROOT}/Manifest.lock\" > /dev/null\nif [ $? != 0 ] ; then\n    # print error to STDERR\n    echo \"error: The sandbox is not in sync with the Podfile.lock. Run 'pod install' or update your CocoaPods installation.\" >&2\n    exit 1\nfi\n# This output is used by Xcode 'outputs' to avoid re-running this script phase.\necho \"SUCCESS\" > \"${SCRIPT_OUTPUT_FILE_0}\"\n";
			showEnvVarsInLog = 0;
		};
/* End PBXShellScriptBuildPhase section */

/* Begin PBXSourcesBuildPhase section */
		A5D59D1A2925BF830027DA49 /* Sources */ = {
			isa = PBXSourcesBuildPhase;
			buildActionMask = 2147483647;
			files = (
				A5F09C16292620FA0077F51C /* CategoryCollectionViewCell.swift in Sources */,
				A5D59D5B2925C8A10027DA49 /* OnboardingSlide.swift in Sources */,
				A52C75AF292E9B9F00D27EB3 /* GetRecipe.swift in Sources */,
				A5D59D222925BF830027DA49 /* AppDelegate.swift in Sources */,
				A5D59D242925BF830027DA49 /* SceneDelegate.swift in Sources */,
				A52C75A5292DDB7000D27EB3 /* AppError.swift in Sources */,
				A5F09C19292622C40077F51C /* FoodCategory.swift in Sources */,
				A52C75A3292DD63000D27EB3 /* Method.swift in Sources */,
				A52C75A7292DE16700D27EB3 /* Regions.swift in Sources */,
				A52C75A1292DD56D00D27EB3 /* Route.swift in Sources */,
				A5D59D592925C6970027DA49 /* UIView+Extension.swift in Sources */,
				A5F09C112925E5120077F51C /* HomeCollectionViewController.swift in Sources */,
				A5F09C1F2926298F0077F51C /* HomeViewController.swift in Sources */,
				A52C759F292DD4F500D27EB3 /* Network Manager.swift in Sources */,
				A5D59D562925C3DC0027DA49 /* OnboardingViewController.swift in Sources */,
				A5F09C1B2926249E0077F51C /* String+Extension.swift in Sources */,
				A52C75B4292EAE1C00D27EB3 /* FoodCategoryCollectionViewCell.swift in Sources */,
				A52C75A9292DE67B00D27EB3 /* ApiResponse.swift in Sources */,
				A5D59D5F2925CD290027DA49 /* OnboardingCollectionViewCell.swift in Sources */,
				A52C757A29263DE500D27EB3 /* CustomCardView.swift in Sources */,
				A52C75AD292E985900D27EB3 /* AllDesserts.swift in Sources */,
			);
			runOnlyForDeploymentPostprocessing = 0;
		};
		A5D59D302925BF850027DA49 /* Sources */ = {
			isa = PBXSourcesBuildPhase;
			buildActionMask = 2147483647;
			files = (
				A5D59D392925BF850027DA49 /* Fetch_RecipesTests.swift in Sources */,
			);
			runOnlyForDeploymentPostprocessing = 0;
		};
		A5D59D3A2925BF850027DA49 /* Sources */ = {
			isa = PBXSourcesBuildPhase;
			buildActionMask = 2147483647;
			files = (
				A5D59D432925BF860027DA49 /* Fetch_RecipesUITests.swift in Sources */,
				A5D59D452925BF860027DA49 /* Fetch_RecipesUITestsLaunchTests.swift in Sources */,
			);
			runOnlyForDeploymentPostprocessing = 0;
		};
/* End PBXSourcesBuildPhase section */

/* Begin PBXTargetDependency section */
		A5D59D362925BF850027DA49 /* PBXTargetDependency */ = {
			isa = PBXTargetDependency;
			target = A5D59D1D2925BF830027DA49 /* Fetch Recipes */;
			targetProxy = A5D59D352925BF850027DA49 /* PBXContainerItemProxy */;
		};
		A5D59D402925BF850027DA49 /* PBXTargetDependency */ = {
			isa = PBXTargetDependency;
			target = A5D59D1D2925BF830027DA49 /* Fetch Recipes */;
			targetProxy = A5D59D3F2925BF850027DA49 /* PBXContainerItemProxy */;
		};
/* End PBXTargetDependency section */

/* Begin PBXVariantGroup section */
		A5D59D272925BF830027DA49 /* Main.storyboard */ = {
			isa = PBXVariantGroup;
			children = (
				A5D59D282925BF830027DA49 /* Base */,
			);
			name = Main.storyboard;
			sourceTree = "<group>";
		};
		A5D59D2C2925BF850027DA49 /* LaunchScreen.storyboard */ = {
			isa = PBXVariantGroup;
			children = (
				A5D59D2D2925BF850027DA49 /* Base */,
			);
			name = LaunchScreen.storyboard;
			sourceTree = "<group>";
		};
/* End PBXVariantGroup section */

/* Begin XCBuildConfiguration section */
		A5D59D462925BF860027DA49 /* Debug */ = {
			isa = XCBuildConfiguration;
			buildSettings = {
				ALWAYS_SEARCH_USER_PATHS = NO;
				CLANG_ANALYZER_NONNULL = YES;
				CLANG_ANALYZER_NUMBER_OBJECT_CONVERSION = YES_AGGRESSIVE;
				CLANG_CXX_LANGUAGE_STANDARD = "gnu++17";
				CLANG_ENABLE_MODULES = YES;
				CLANG_ENABLE_OBJC_ARC = YES;
				CLANG_ENABLE_OBJC_WEAK = YES;
				CLANG_WARN_BLOCK_CAPTURE_AUTORELEASING = YES;
				CLANG_WARN_BOOL_CONVERSION = YES;
				CLANG_WARN_COMMA = YES;
				CLANG_WARN_CONSTANT_CONVERSION = YES;
				CLANG_WARN_DEPRECATED_OBJC_IMPLEMENTATIONS = YES;
				CLANG_WARN_DIRECT_OBJC_ISA_USAGE = YES_ERROR;
				CLANG_WARN_DOCUMENTATION_COMMENTS = YES;
				CLANG_WARN_EMPTY_BODY = YES;
				CLANG_WARN_ENUM_CONVERSION = YES;
				CLANG_WARN_INFINITE_RECURSION = YES;
				CLANG_WARN_INT_CONVERSION = YES;
				CLANG_WARN_NON_LITERAL_NULL_CONVERSION = YES;
				CLANG_WARN_OBJC_IMPLICIT_RETAIN_SELF = YES;
				CLANG_WARN_OBJC_LITERAL_CONVERSION = YES;
				CLANG_WARN_OBJC_ROOT_CLASS = YES_ERROR;
				CLANG_WARN_QUOTED_INCLUDE_IN_FRAMEWORK_HEADER = YES;
				CLANG_WARN_RANGE_LOOP_ANALYSIS = YES;
				CLANG_WARN_STRICT_PROTOTYPES = YES;
				CLANG_WARN_SUSPICIOUS_MOVE = YES;
				CLANG_WARN_UNGUARDED_AVAILABILITY = YES_AGGRESSIVE;
				CLANG_WARN_UNREACHABLE_CODE = YES;
				CLANG_WARN__DUPLICATE_METHOD_MATCH = YES;
				COPY_PHASE_STRIP = NO;
				DEBUG_INFORMATION_FORMAT = dwarf;
				ENABLE_STRICT_OBJC_MSGSEND = YES;
				ENABLE_TESTABILITY = YES;
				GCC_C_LANGUAGE_STANDARD = gnu11;
				GCC_DYNAMIC_NO_PIC = NO;
				GCC_NO_COMMON_BLOCKS = YES;
				GCC_OPTIMIZATION_LEVEL = 0;
				GCC_PREPROCESSOR_DEFINITIONS = (
					"DEBUG=1",
					"$(inherited)",
				);
				GCC_WARN_64_TO_32_BIT_CONVERSION = YES;
				GCC_WARN_ABOUT_RETURN_TYPE = YES_ERROR;
				GCC_WARN_UNDECLARED_SELECTOR = YES;
				GCC_WARN_UNINITIALIZED_AUTOS = YES_AGGRESSIVE;
				GCC_WARN_UNUSED_FUNCTION = YES;
				GCC_WARN_UNUSED_VARIABLE = YES;
				IPHONEOS_DEPLOYMENT_TARGET = 15.5;
				LIBRARY_SEARCH_PATHS = "";
				MTL_ENABLE_DEBUG_INFO = INCLUDE_SOURCE;
				MTL_FAST_MATH = YES;
				ONLY_ACTIVE_ARCH = YES;
				SDKROOT = iphoneos;
				SWIFT_ACTIVE_COMPILATION_CONDITIONS = DEBUG;
				"SWIFT_INCLUDE_PATHS[arch=*]" = "";
				SWIFT_OPTIMIZATION_LEVEL = "-Onone";
			};
			name = Debug;
		};
		A5D59D472925BF860027DA49 /* Release */ = {
			isa = XCBuildConfiguration;
			buildSettings = {
				ALWAYS_SEARCH_USER_PATHS = NO;
				CLANG_ANALYZER_NONNULL = YES;
				CLANG_ANALYZER_NUMBER_OBJECT_CONVERSION = YES_AGGRESSIVE;
				CLANG_CXX_LANGUAGE_STANDARD = "gnu++17";
				CLANG_ENABLE_MODULES = YES;
				CLANG_ENABLE_OBJC_ARC = YES;
				CLANG_ENABLE_OBJC_WEAK = YES;
				CLANG_WARN_BLOCK_CAPTURE_AUTORELEASING = YES;
				CLANG_WARN_BOOL_CONVERSION = YES;
				CLANG_WARN_COMMA = YES;
				CLANG_WARN_CONSTANT_CONVERSION = YES;
				CLANG_WARN_DEPRECATED_OBJC_IMPLEMENTATIONS = YES;
				CLANG_WARN_DIRECT_OBJC_ISA_USAGE = YES_ERROR;
				CLANG_WARN_DOCUMENTATION_COMMENTS = YES;
				CLANG_WARN_EMPTY_BODY = YES;
				CLANG_WARN_ENUM_CONVERSION = YES;
				CLANG_WARN_INFINITE_RECURSION = YES;
				CLANG_WARN_INT_CONVERSION = YES;
				CLANG_WARN_NON_LITERAL_NULL_CONVERSION = YES;
				CLANG_WARN_OBJC_IMPLICIT_RETAIN_SELF = YES;
				CLANG_WARN_OBJC_LITERAL_CONVERSION = YES;
				CLANG_WARN_OBJC_ROOT_CLASS = YES_ERROR;
				CLANG_WARN_QUOTED_INCLUDE_IN_FRAMEWORK_HEADER = YES;
				CLANG_WARN_RANGE_LOOP_ANALYSIS = YES;
				CLANG_WARN_STRICT_PROTOTYPES = YES;
				CLANG_WARN_SUSPICIOUS_MOVE = YES;
				CLANG_WARN_UNGUARDED_AVAILABILITY = YES_AGGRESSIVE;
				CLANG_WARN_UNREACHABLE_CODE = YES;
				CLANG_WARN__DUPLICATE_METHOD_MATCH = YES;
				COPY_PHASE_STRIP = NO;
				DEBUG_INFORMATION_FORMAT = "dwarf-with-dsym";
				ENABLE_NS_ASSERTIONS = NO;
				ENABLE_STRICT_OBJC_MSGSEND = YES;
				GCC_C_LANGUAGE_STANDARD = gnu11;
				GCC_NO_COMMON_BLOCKS = YES;
				GCC_WARN_64_TO_32_BIT_CONVERSION = YES;
				GCC_WARN_ABOUT_RETURN_TYPE = YES_ERROR;
				GCC_WARN_UNDECLARED_SELECTOR = YES;
				GCC_WARN_UNINITIALIZED_AUTOS = YES_AGGRESSIVE;
				GCC_WARN_UNUSED_FUNCTION = YES;
				GCC_WARN_UNUSED_VARIABLE = YES;
				IPHONEOS_DEPLOYMENT_TARGET = 15.5;
				LIBRARY_SEARCH_PATHS = "";
				MTL_ENABLE_DEBUG_INFO = NO;
				MTL_FAST_MATH = YES;
				SDKROOT = iphoneos;
				SWIFT_COMPILATION_MODE = wholemodule;
				SWIFT_OPTIMIZATION_LEVEL = "-O";
				VALIDATE_PRODUCT = YES;
			};
			name = Release;
		};
		A5D59D492925BF860027DA49 /* Debug */ = {
			isa = XCBuildConfiguration;
			baseConfigurationReference = 2905FD0A640ABD3DAC37D4EC /* Pods-Fetch Recipes.debug.xcconfig */;
			buildSettings = {
				ASSETCATALOG_COMPILER_APPICON_NAME = AppIcon;
				ASSETCATALOG_COMPILER_GLOBAL_ACCENT_COLOR_NAME = AccentColor;
				CODE_SIGN_STYLE = Automatic;
				CURRENT_PROJECT_VERSION = 1;
				DEVELOPMENT_TEAM = V63Q3T87B9;
				GENERATE_INFOPLIST_FILE = YES;
				INFOPLIST_FILE = "Fetch Recipes/Info.plist";
				INFOPLIST_KEY_UIApplicationSupportsIndirectInputEvents = YES;
				INFOPLIST_KEY_UILaunchStoryboardName = LaunchScreen;
				INFOPLIST_KEY_UIMainStoryboardFile = Main;
				INFOPLIST_KEY_UISupportedInterfaceOrientations_iPad = "UIInterfaceOrientationPortrait UIInterfaceOrientationPortraitUpsideDown UIInterfaceOrientationLandscapeLeft UIInterfaceOrientationLandscapeRight";
				INFOPLIST_KEY_UISupportedInterfaceOrientations_iPhone = "UIInterfaceOrientationPortrait UIInterfaceOrientationLandscapeLeft UIInterfaceOrientationLandscapeRight";
				LD_RUNPATH_SEARCH_PATHS = (
					"$(inherited)",
					"@executable_path/Frameworks",
				);
				MARKETING_VERSION = 1.0;
				PRODUCT_BUNDLE_IDENTIFIER = "FetchRewards.Fetch-Recipes";
				PRODUCT_NAME = "$(TARGET_NAME)";
				SWIFT_EMIT_LOC_STRINGS = YES;
				SWIFT_VERSION = 5.0;
				TARGETED_DEVICE_FAMILY = "1,2";
			};
			name = Debug;
		};
		A5D59D4A2925BF860027DA49 /* Release */ = {
			isa = XCBuildConfiguration;
			baseConfigurationReference = F79714D0E12A3CE5E9C1033D /* Pods-Fetch Recipes.release.xcconfig */;
			buildSettings = {
				ASSETCATALOG_COMPILER_APPICON_NAME = AppIcon;
				ASSETCATALOG_COMPILER_GLOBAL_ACCENT_COLOR_NAME = AccentColor;
				CODE_SIGN_STYLE = Automatic;
				CURRENT_PROJECT_VERSION = 1;
				DEVELOPMENT_TEAM = V63Q3T87B9;
				GENERATE_INFOPLIST_FILE = YES;
				INFOPLIST_FILE = "Fetch Recipes/Info.plist";
				INFOPLIST_KEY_UIApplicationSupportsIndirectInputEvents = YES;
				INFOPLIST_KEY_UILaunchStoryboardName = LaunchScreen;
				INFOPLIST_KEY_UIMainStoryboardFile = Main;
				INFOPLIST_KEY_UISupportedInterfaceOrientations_iPad = "UIInterfaceOrientationPortrait UIInterfaceOrientationPortraitUpsideDown UIInterfaceOrientationLandscapeLeft UIInterfaceOrientationLandscapeRight";
				INFOPLIST_KEY_UISupportedInterfaceOrientations_iPhone = "UIInterfaceOrientationPortrait UIInterfaceOrientationLandscapeLeft UIInterfaceOrientationLandscapeRight";
				LD_RUNPATH_SEARCH_PATHS = (
					"$(inherited)",
					"@executable_path/Frameworks",
				);
				MARKETING_VERSION = 1.0;
				PRODUCT_BUNDLE_IDENTIFIER = "FetchRewards.Fetch-Recipes";
				PRODUCT_NAME = "$(TARGET_NAME)";
				SWIFT_EMIT_LOC_STRINGS = YES;
				SWIFT_VERSION = 5.0;
				TARGETED_DEVICE_FAMILY = "1,2";
			};
			name = Release;
		};
		A5D59D4C2925BF860027DA49 /* Debug */ = {
			isa = XCBuildConfiguration;
			baseConfigurationReference = 5799414A8A03AE62650F42CA /* Pods-Fetch RecipesTests.debug.xcconfig */;
			buildSettings = {
				ALWAYS_EMBED_SWIFT_STANDARD_LIBRARIES = YES;
				BUNDLE_LOADER = "$(TEST_HOST)";
				CODE_SIGN_STYLE = Automatic;
				CURRENT_PROJECT_VERSION = 1;
				DEVELOPMENT_TEAM = V63Q3T87B9;
				GENERATE_INFOPLIST_FILE = YES;
				IPHONEOS_DEPLOYMENT_TARGET = 15.5;
				MARKETING_VERSION = 1.0;
				PRODUCT_BUNDLE_IDENTIFIER = "FetchRewards.Fetch-RecipesTests";
				PRODUCT_NAME = "$(TARGET_NAME)";
				SWIFT_EMIT_LOC_STRINGS = NO;
				SWIFT_VERSION = 5.0;
				TARGETED_DEVICE_FAMILY = "1,2";
				TEST_HOST = "$(BUILT_PRODUCTS_DIR)/Fetch Recipes.app/Fetch Recipes";
			};
			name = Debug;
		};
		A5D59D4D2925BF860027DA49 /* Release */ = {
			isa = XCBuildConfiguration;
			baseConfigurationReference = E046D1EDA71DA3F6284DDC89 /* Pods-Fetch RecipesTests.release.xcconfig */;
			buildSettings = {
				ALWAYS_EMBED_SWIFT_STANDARD_LIBRARIES = YES;
				BUNDLE_LOADER = "$(TEST_HOST)";
				CODE_SIGN_STYLE = Automatic;
				CURRENT_PROJECT_VERSION = 1;
				DEVELOPMENT_TEAM = V63Q3T87B9;
				GENERATE_INFOPLIST_FILE = YES;
				IPHONEOS_DEPLOYMENT_TARGET = 15.5;
				MARKETING_VERSION = 1.0;
				PRODUCT_BUNDLE_IDENTIFIER = "FetchRewards.Fetch-RecipesTests";
				PRODUCT_NAME = "$(TARGET_NAME)";
				SWIFT_EMIT_LOC_STRINGS = NO;
				SWIFT_VERSION = 5.0;
				TARGETED_DEVICE_FAMILY = "1,2";
				TEST_HOST = "$(BUILT_PRODUCTS_DIR)/Fetch Recipes.app/Fetch Recipes";
			};
			name = Release;
		};
		A5D59D4F2925BF860027DA49 /* Debug */ = {
			isa = XCBuildConfiguration;
			baseConfigurationReference = A99F57497D24EFAD06277630 /* Pods-Fetch Recipes-Fetch RecipesUITests.debug.xcconfig */;
			buildSettings = {
				ALWAYS_EMBED_SWIFT_STANDARD_LIBRARIES = "$(inherited)";
				CODE_SIGN_STYLE = Automatic;
				CURRENT_PROJECT_VERSION = 1;
				DEVELOPMENT_TEAM = V63Q3T87B9;
				GENERATE_INFOPLIST_FILE = YES;
				MARKETING_VERSION = 1.0;
				PRODUCT_BUNDLE_IDENTIFIER = "FetchRewards.Fetch-RecipesUITests";
				PRODUCT_NAME = "$(TARGET_NAME)";
				SWIFT_EMIT_LOC_STRINGS = NO;
				SWIFT_VERSION = 5.0;
				TARGETED_DEVICE_FAMILY = "1,2";
				TEST_TARGET_NAME = "Fetch Recipes";
			};
			name = Debug;
		};
		A5D59D502925BF860027DA49 /* Release */ = {
			isa = XCBuildConfiguration;
			baseConfigurationReference = 1ECEFFCDF32A34B5E92E43A1 /* Pods-Fetch Recipes-Fetch RecipesUITests.release.xcconfig */;
			buildSettings = {
				ALWAYS_EMBED_SWIFT_STANDARD_LIBRARIES = "$(inherited)";
				CODE_SIGN_STYLE = Automatic;
				CURRENT_PROJECT_VERSION = 1;
				DEVELOPMENT_TEAM = V63Q3T87B9;
				GENERATE_INFOPLIST_FILE = YES;
				MARKETING_VERSION = 1.0;
				PRODUCT_BUNDLE_IDENTIFIER = "FetchRewards.Fetch-RecipesUITests";
				PRODUCT_NAME = "$(TARGET_NAME)";
				SWIFT_EMIT_LOC_STRINGS = NO;
				SWIFT_VERSION = 5.0;
				TARGETED_DEVICE_FAMILY = "1,2";
				TEST_TARGET_NAME = "Fetch Recipes";
			};
			name = Release;
		};
/* End XCBuildConfiguration section */

/* Begin XCConfigurationList section */
		A5D59D192925BF830027DA49 /* Build configuration list for PBXProject "Fetch Recipes" */ = {
			isa = XCConfigurationList;
			buildConfigurations = (
				A5D59D462925BF860027DA49 /* Debug */,
				A5D59D472925BF860027DA49 /* Release */,
			);
			defaultConfigurationIsVisible = 0;
			defaultConfigurationName = Release;
		};
		A5D59D482925BF860027DA49 /* Build configuration list for PBXNativeTarget "Fetch Recipes" */ = {
			isa = XCConfigurationList;
			buildConfigurations = (
				A5D59D492925BF860027DA49 /* Debug */,
				A5D59D4A2925BF860027DA49 /* Release */,
			);
			defaultConfigurationIsVisible = 0;
			defaultConfigurationName = Release;
		};
		A5D59D4B2925BF860027DA49 /* Build configuration list for PBXNativeTarget "Fetch RecipesTests" */ = {
			isa = XCConfigurationList;
			buildConfigurations = (
				A5D59D4C2925BF860027DA49 /* Debug */,
				A5D59D4D2925BF860027DA49 /* Release */,
			);
			defaultConfigurationIsVisible = 0;
			defaultConfigurationName = Release;
		};
		A5D59D4E2925BF860027DA49 /* Build configuration list for PBXNativeTarget "Fetch RecipesUITests" */ = {
			isa = XCConfigurationList;
			buildConfigurations = (
				A5D59D4F2925BF860027DA49 /* Debug */,
				A5D59D502925BF860027DA49 /* Release */,
			);
			defaultConfigurationIsVisible = 0;
			defaultConfigurationName = Release;
		};
/* End XCConfigurationList section */
	};
	rootObject = A5D59D162925BF830027DA49 /* Project object */;
}
